
Microsoft Visual Studio Solution File, Format Version 12.00
# Visual Studio Version 17
VisualStudioVersion = 17.5.002.0
MinimumVisualStudioVersion = 10.0.40219.1
Project("{9A19103F-16F7-4668-BE54-9A1E7A4F7556}") = "FirstWebMVC", "FirstWebMVC\FirstWebMVC.csproj", "{1E4365DD-FB1E-4B82-BA1F-55297F8EAED7}"
EndProject
Global
	GlobalSection(SolutionConfigurationPlatforms) = preSolution
		Debug|Any CPU = Debug|Any CPU
		Release|Any CPU = Release|Any CPU
	EndGlobalSection
	GlobalSection(ProjectConfigurationPlatforms) = postSolution
		{1E4365DD-FB1E-4B82-BA1F-55297F8EAED7}.Debug|Any CPU.ActiveCfg = Debug|Any CPU
		{1E4365DD-FB1E-4B82-BA1F-55297F8EAED7}.Debug|Any CPU.Build.0 = Debug|Any CPU
		{1E4365DD-FB1E-4B82-BA1F-55297F8EAED7}.Release|Any CPU.ActiveCfg = Release|Any CPU
		{1E4365DD-FB1E-4B82-BA1F-55297F8EAED7}.Release|Any CPU.Build.0 = Release|Any CPU
	EndGlobalSection
	GlobalSection(SolutionProperties) = preSolution
		HideSolutionNode = FALSE
	EndGlobalSection
	GlobalSection(ExtensibilityGlobals) = postSolution
		SolutionGuid = {8D464D99-C7CA-405D-8E29-00EE4607DA73}
	EndGlobalSection
EndGlobal
