
Microsoft Visual Studio Solution File, Format Version 12.00
# Visual Studio Version 17
VisualStudioVersion = 17.5.002.0
MinimumVisualStudioVersion = 10.0.40219.1
Project("{9A19103F-16F7-4668-BE54-9A1E7A4F7556}") = "FirstWebMVC", "FirstWebMVC.csproj", "{6E6C86B9-63C7-418F-80EA-2789AD9E2C1C}"
EndProject
Global
	GlobalSection(SolutionConfigurationPlatforms) = preSolution
		Debug|Any CPU = Debug|Any CPU
		Release|Any CPU = Release|Any CPU
	EndGlobalSection
	GlobalSection(ProjectConfigurationPlatforms) = postSolution
		{6E6C86B9-63C7-418F-80EA-2789AD9E2C1C}.Debug|Any CPU.ActiveCfg = Debug|Any CPU
		{6E6C86B9-63C7-418F-80EA-2789AD9E2C1C}.Debug|Any CPU.Build.0 = Debug|Any CPU
		{6E6C86B9-63C7-418F-80EA-2789AD9E2C1C}.Release|Any CPU.ActiveCfg = Release|Any CPU
		{6E6C86B9-63C7-418F-80EA-2789AD9E2C1C}.Release|Any CPU.Build.0 = Release|Any CPU
	EndGlobalSection
	GlobalSection(SolutionProperties) = preSolution
		HideSolutionNode = FALSE
	EndGlobalSection
	GlobalSection(ExtensibilityGlobals) = postSolution
		SolutionGuid = {5BAF8DF7-DFE2-4B62-8D57-EEFB62A67882}
	EndGlobalSection
EndGlobal
